// !$*UTF8*$!
{
	archiveVersion = 1;
	classes = {
	};
	objectVersion = 56;
	objects = {

/* Begin PBXBuildFile section */
		FB96CE512BAB85BA00B20A7C /* MainTabView.swift in Sources */ = {isa = PBXBuildFile; fileRef = FB96CE502BAB85BA00B20A7C /* MainTabView.swift */; };
		FB9AA7FC2BAB49E000C882E2 /* BlockPlanApp.swift in Sources */ = {isa = PBXBuildFile; fileRef = FB9AA7FB2BAB49E000C882E2 /* BlockPlanApp.swift */; };
		FB9AA7FE2BAB49E000C882E2 /* ContentView.swift in Sources */ = {isa = PBXBuildFile; fileRef = FB9AA7FD2BAB49E000C882E2 /* ContentView.swift */; };
		FB9AA8002BAB49E100C882E2 /* Assets.xcassets in Resources */ = {isa = PBXBuildFile; fileRef = FB9AA7FF2BAB49E100C882E2 /* Assets.xcassets */; };
		FB9AA8032BAB49E100C882E2 /* Preview Assets.xcassets in Resources */ = {isa = PBXBuildFile; fileRef = FB9AA8022BAB49E100C882E2 /* Preview Assets.xcassets */; };
		FB9AA80D2BAB49E100C882E2 /* BlockPlanTests.swift in Sources */ = {isa = PBXBuildFile; fileRef = FB9AA80C2BAB49E100C882E2 /* BlockPlanTests.swift */; };
		FB9AA8172BAB49E100C882E2 /* BlockPlanUITests.swift in Sources */ = {isa = PBXBuildFile; fileRef = FB9AA8162BAB49E100C882E2 /* BlockPlanUITests.swift */; };
		FB9AA8192BAB49E100C882E2 /* BlockPlanUITestsLaunchTests.swift in Sources */ = {isa = PBXBuildFile; fileRef = FB9AA8182BAB49E100C882E2 /* BlockPlanUITestsLaunchTests.swift */; };
		FB9AA8262BAB4B5B00C882E2 /* ProfileHeaderView.swift in Sources */ = {isa = PBXBuildFile; fileRef = FB9AA8252BAB4B5B00C882E2 /* ProfileHeaderView.swift */; };
		FB9AA8282BAB4BE700C882E2 /* PlaceViewModel.swift in Sources */ = {isa = PBXBuildFile; fileRef = FB9AA8272BAB4BE700C882E2 /* PlaceViewModel.swift */; };
		FB9AA82A2BAB4C1100C882E2 /* Model.swift in Sources */ = {isa = PBXBuildFile; fileRef = FB9AA8292BAB4C1100C882E2 /* Model.swift */; };
		FB9AA8312BAB627500C882E2 /* CustomSquareView.swift in Sources */ = {isa = PBXBuildFile; fileRef = FB9AA8302BAB627500C882E2 /* CustomSquareView.swift */; };
/* End PBXBuildFile section */

/* Begin PBXContainerItemProxy section */
		FB9AA8092BAB49E100C882E2 /* PBXContainerItemProxy */ = {
			isa = PBXContainerItemProxy;
			containerPortal = FB9AA7F02BAB49E000C882E2 /* Project object */;
			proxyType = 1;
			remoteGlobalIDString = FB9AA7F72BAB49E000C882E2;
			remoteInfo = BlockPlan;
		};
		FB9AA8132BAB49E100C882E2 /* PBXContainerItemProxy */ = {
			isa = PBXContainerItemProxy;
			containerPortal = FB9AA7F02BAB49E000C882E2 /* Project object */;
			proxyType = 1;
			remoteGlobalIDString = FB9AA7F72BAB49E000C882E2;
			remoteInfo = BlockPlan;
		};
/* End PBXContainerItemProxy section */

/* Begin PBXFileReference section */
		FB96CE502BAB85BA00B20A7C /* MainTabView.swift */ = {isa = PBXFileReference; lastKnownFileType = sourcecode.swift; path = MainTabView.swift; sourceTree = "<group>"; };
		FB9AA7F82BAB49E000C882E2 /* BlockPlan.app */ = {isa = PBXFileReference; explicitFileType = wrapper.application; includeInIndex = 0; path = BlockPlan.app; sourceTree = BUILT_PRODUCTS_DIR; };
		FB9AA7FB2BAB49E000C882E2 /* BlockPlanApp.swift */ = {isa = PBXFileReference; lastKnownFileType = sourcecode.swift; path = BlockPlanApp.swift; sourceTree = "<group>"; };
		FB9AA7FD2BAB49E000C882E2 /* ContentView.swift */ = {isa = PBXFileReference; lastKnownFileType = sourcecode.swift; path = ContentView.swift; sourceTree = "<group>"; };
		FB9AA7FF2BAB49E100C882E2 /* Assets.xcassets */ = {isa = PBXFileReference; lastKnownFileType = folder.assetcatalog; path = Assets.xcassets; sourceTree = "<group>"; };
		FB9AA8022BAB49E100C882E2 /* Preview Assets.xcassets */ = {isa = PBXFileReference; lastKnownFileType = folder.assetcatalog; path = "Preview Assets.xcassets"; sourceTree = "<group>"; };
		FB9AA8082BAB49E100C882E2 /* BlockPlanTests.xctest */ = {isa = PBXFileReference; explicitFileType = wrapper.cfbundle; includeInIndex = 0; path = BlockPlanTests.xctest; sourceTree = BUILT_PRODUCTS_DIR; };
		FB9AA80C2BAB49E100C882E2 /* BlockPlanTests.swift */ = {isa = PBXFileReference; lastKnownFileType = sourcecode.swift; path = BlockPlanTests.swift; sourceTree = "<group>"; };
		FB9AA8122BAB49E100C882E2 /* BlockPlanUITests.xctest */ = {isa = PBXFileReference; explicitFileType = wrapper.cfbundle; includeInIndex = 0; path = BlockPlanUITests.xctest; sourceTree = BUILT_PRODUCTS_DIR; };
		FB9AA8162BAB49E100C882E2 /* BlockPlanUITests.swift */ = {isa = PBXFileReference; lastKnownFileType = sourcecode.swift; path = BlockPlanUITests.swift; sourceTree = "<group>"; };
		FB9AA8182BAB49E100C882E2 /* BlockPlanUITestsLaunchTests.swift */ = {isa = PBXFileReference; lastKnownFileType = sourcecode.swift; path = BlockPlanUITestsLaunchTests.swift; sourceTree = "<group>"; };
		FB9AA8252BAB4B5B00C882E2 /* ProfileHeaderView.swift */ = {isa = PBXFileReference; lastKnownFileType = sourcecode.swift; path = ProfileHeaderView.swift; sourceTree = "<group>"; };
		FB9AA8272BAB4BE700C882E2 /* PlaceViewModel.swift */ = {isa = PBXFileReference; lastKnownFileType = sourcecode.swift; path = PlaceViewModel.swift; sourceTree = "<group>"; };
		FB9AA8292BAB4C1100C882E2 /* Model.swift */ = {isa = PBXFileReference; lastKnownFileType = sourcecode.swift; path = Model.swift; sourceTree = "<group>"; };
		FB9AA8302BAB627500C882E2 /* CustomSquareView.swift */ = {isa = PBXFileReference; lastKnownFileType = sourcecode.swift; path = CustomSquareView.swift; sourceTree = "<group>"; };
/* End PBXFileReference section */

/* Begin PBXFrameworksBuildPhase section */
		FB9AA7F52BAB49E000C882E2 /* Frameworks */ = {
			isa = PBXFrameworksBuildPhase;
			buildActionMask = 2147483647;
			files = (
			);
			runOnlyForDeploymentPostprocessing = 0;
		};
		FB9AA8052BAB49E100C882E2 /* Frameworks */ = {
			isa = PBXFrameworksBuildPhase;
			buildActionMask = 2147483647;
			files = (
			);
			runOnlyForDeploymentPostprocessing = 0;
		};
		FB9AA80F2BAB49E100C882E2 /* Frameworks */ = {
			isa = PBXFrameworksBuildPhase;
			buildActionMask = 2147483647;
			files = (
			);
			runOnlyForDeploymentPostprocessing = 0;
		};
/* End PBXFrameworksBuildPhase section */

/* Begin PBXGroup section */
		FB9AA7EF2BAB49E000C882E2 = {
			isa = PBXGroup;
			children = (
				FB9AA7FA2BAB49E000C882E2 /* BlockPlan */,
				FB9AA80B2BAB49E100C882E2 /* BlockPlanTests */,
				FB9AA8152BAB49E100C882E2 /* BlockPlanUITests */,
				FB9AA7F92BAB49E000C882E2 /* Products */,
			);
			sourceTree = "<group>";
		};
		FB9AA7F92BAB49E000C882E2 /* Products */ = {
			isa = PBXGroup;
			children = (
				FB9AA7F82BAB49E000C882E2 /* BlockPlan.app */,
				FB9AA8082BAB49E100C882E2 /* BlockPlanTests.xctest */,
				FB9AA8122BAB49E100C882E2 /* BlockPlanUITests.xctest */,
			);
			name = Products;
			sourceTree = "<group>";
		};
		FB9AA7FA2BAB49E000C882E2 /* BlockPlan */ = {
			isa = PBXGroup;
			children = (
				FB9AA7FB2BAB49E000C882E2 /* BlockPlanApp.swift */,
				FB9AA8292BAB4C1100C882E2 /* Model.swift */,
				FB9AA8302BAB627500C882E2 /* CustomSquareView.swift */,
				FB96CE502BAB85BA00B20A7C /* MainTabView.swift */,
				FB9AA8272BAB4BE700C882E2 /* PlaceViewModel.swift */,
				FB9AA8252BAB4B5B00C882E2 /* ProfileHeaderView.swift */,
				FB9AA7FD2BAB49E000C882E2 /* ContentView.swift */,
				FB9AA7FF2BAB49E100C882E2 /* Assets.xcassets */,
				FB9AA8012BAB49E100C882E2 /* Preview Content */,
			);
			path = BlockPlan;
			sourceTree = "<group>";
		};
		FB9AA8012BAB49E100C882E2 /* Preview Content */ = {
			isa = PBXGroup;
			children = (
				FB9AA8022BAB49E100C882E2 /* Preview Assets.xcassets */,
			);
			path = "Preview Content";
			sourceTree = "<group>";
		};
		FB9AA80B2BAB49E100C882E2 /* BlockPlanTests */ = {
			isa = PBXGroup;
			children = (
				FB9AA80C2BAB49E100C882E2 /* BlockPlanTests.swift */,
			);
			path = BlockPlanTests;
			sourceTree = "<group>";
		};
		FB9AA8152BAB49E100C882E2 /* BlockPlanUITests */ = {
			isa = PBXGroup;
			children = (
				FB9AA8162BAB49E100C882E2 /* BlockPlanUITests.swift */,
				FB9AA8182BAB49E100C882E2 /* BlockPlanUITestsLaunchTests.swift */,
			);
			path = BlockPlanUITests;
			sourceTree = "<group>";
		};
/* End PBXGroup section */

/* Begin PBXNativeTarget section */
		FB9AA7F72BAB49E000C882E2 /* BlockPlan */ = {
			isa = PBXNativeTarget;
			buildConfigurationList = FB9AA81C2BAB49E100C882E2 /* Build configuration list for PBXNativeTarget "BlockPlan" */;
			buildPhases = (
				FB9AA7F42BAB49E000C882E2 /* Sources */,
				FB9AA7F52BAB49E000C882E2 /* Frameworks */,
				FB9AA7F62BAB49E000C882E2 /* Resources */,
			);
			buildRules = (
			);
			dependencies = (
			);
			name = BlockPlan;
			productName = BlockPlan;
			productReference = FB9AA7F82BAB49E000C882E2 /* BlockPlan.app */;
			productType = "com.apple.product-type.application";
		};
		FB9AA8072BAB49E100C882E2 /* BlockPlanTests */ = {
			isa = PBXNativeTarget;
			buildConfigurationList = FB9AA81F2BAB49E100C882E2 /* Build configuration list for PBXNativeTarget "BlockPlanTests" */;
			buildPhases = (
				FB9AA8042BAB49E100C882E2 /* Sources */,
				FB9AA8052BAB49E100C882E2 /* Frameworks */,
				FB9AA8062BAB49E100C882E2 /* Resources */,
			);
			buildRules = (
			);
			dependencies = (
				FB9AA80A2BAB49E100C882E2 /* PBXTargetDependency */,
			);
			name = BlockPlanTests;
			productName = BlockPlanTests;
			productReference = FB9AA8082BAB49E100C882E2 /* BlockPlanTests.xctest */;
			productType = "com.apple.product-type.bundle.unit-test";
		};
		FB9AA8112BAB49E100C882E2 /* BlockPlanUITests */ = {
			isa = PBXNativeTarget;
			buildConfigurationList = FB9AA8222BAB49E100C882E2 /* Build configuration list for PBXNativeTarget "BlockPlanUITests" */;
			buildPhases = (
				FB9AA80E2BAB49E100C882E2 /* Sources */,
				FB9AA80F2BAB49E100C882E2 /* Frameworks */,
				FB9AA8102BAB49E100C882E2 /* Resources */,
			);
			buildRules = (
			);
			dependencies = (
				FB9AA8142BAB49E100C882E2 /* PBXTargetDependency */,
			);
			name = BlockPlanUITests;
			productName = BlockPlanUITests;
			productReference = FB9AA8122BAB49E100C882E2 /* BlockPlanUITests.xctest */;
			productType = "com.apple.product-type.bundle.ui-testing";
		};
/* End PBXNativeTarget section */

/* Begin PBXProject section */
		FB9AA7F02BAB49E000C882E2 /* Project object */ = {
			isa = PBXProject;
			attributes = {
				BuildIndependentTargetsInParallel = 1;
				LastSwiftUpdateCheck = 1520;
				LastUpgradeCheck = 1520;
				TargetAttributes = {
					FB9AA7F72BAB49E000C882E2 = {
						CreatedOnToolsVersion = 15.2;
					};
					FB9AA8072BAB49E100C882E2 = {
						CreatedOnToolsVersion = 15.2;
						TestTargetID = FB9AA7F72BAB49E000C882E2;
					};
					FB9AA8112BAB49E100C882E2 = {
						CreatedOnToolsVersion = 15.2;
						TestTargetID = FB9AA7F72BAB49E000C882E2;
					};
				};
			};
			buildConfigurationList = FB9AA7F32BAB49E000C882E2 /* Build configuration list for PBXProject "BlockPlan" */;
			compatibilityVersion = "Xcode 14.0";
			developmentRegion = en;
			hasScannedForEncodings = 0;
			knownRegions = (
				en,
				Base,
			);
			mainGroup = FB9AA7EF2BAB49E000C882E2;
			productRefGroup = FB9AA7F92BAB49E000C882E2 /* Products */;
			projectDirPath = "";
			projectRoot = "";
			targets = (
				FB9AA7F72BAB49E000C882E2 /* BlockPlan */,
				FB9AA8072BAB49E100C882E2 /* BlockPlanTests */,
				FB9AA8112BAB49E100C882E2 /* BlockPlanUITests */,
			);
		};
/* End PBXProject section */

/* Begin PBXResourcesBuildPhase section */
		FB9AA7F62BAB49E000C882E2 /* Resources */ = {
			isa = PBXResourcesBuildPhase;
			buildActionMask = 2147483647;
			files = (
				FB9AA8032BAB49E100C882E2 /* Preview Assets.xcassets in Resources */,
				FB9AA8002BAB49E100C882E2 /* Assets.xcassets in Resources */,
			);
			runOnlyForDeploymentPostprocessing = 0;
		};
		FB9AA8062BAB49E100C882E2 /* Resources */ = {
			isa = PBXResourcesBuildPhase;
			buildActionMask = 2147483647;
			files = (
			);
			runOnlyForDeploymentPostprocessing = 0;
		};
		FB9AA8102BAB49E100C882E2 /* Resources */ = {
			isa = PBXResourcesBuildPhase;
			buildActionMask = 2147483647;
			files = (
			);
			runOnlyForDeploymentPostprocessing = 0;
		};
/* End PBXResourcesBuildPhase section */

/* Begin PBXSourcesBuildPhase section */
		FB9AA7F42BAB49E000C882E2 /* Sources */ = {
			isa = PBXSourcesBuildPhase;
			buildActionMask = 2147483647;
			files = (
				FB9AA82A2BAB4C1100C882E2 /* Model.swift in Sources */,
				FB9AA8312BAB627500C882E2 /* CustomSquareView.swift in Sources */,
				FB9AA8282BAB4BE700C882E2 /* PlaceViewModel.swift in Sources */,
				FB9AA7FE2BAB49E000C882E2 /* ContentView.swift in Sources */,
				FB96CE512BAB85BA00B20A7C /* MainTabView.swift in Sources */,
				FB9AA8262BAB4B5B00C882E2 /* ProfileHeaderView.swift in Sources */,
				FB9AA7FC2BAB49E000C882E2 /* BlockPlanApp.swift in Sources */,
			);
			runOnlyForDeploymentPostprocessing = 0;
		};
		FB9AA8042BAB49E100C882E2 /* Sources */ = {
			isa = PBXSourcesBuildPhase;
			buildActionMask = 2147483647;
			files = (
				FB9AA80D2BAB49E100C882E2 /* BlockPlanTests.swift in Sources */,
			);
			runOnlyForDeploymentPostprocessing = 0;
		};
		FB9AA80E2BAB49E100C882E2 /* Sources */ = {
			isa = PBXSourcesBuildPhase;
			buildActionMask = 2147483647;
			files = (
				FB9AA8172BAB49E100C882E2 /* BlockPlanUITests.swift in Sources */,
				FB9AA8192BAB49E100C882E2 /* BlockPlanUITestsLaunchTests.swift in Sources */,
			);
			runOnlyForDeploymentPostprocessing = 0;
		};
/* End PBXSourcesBuildPhase section */

/* Begin PBXTargetDependency section */
		FB9AA80A2BAB49E100C882E2 /* PBXTargetDependency */ = {
			isa = PBXTargetDependency;
			target = FB9AA7F72BAB49E000C882E2 /* BlockPlan */;
			targetProxy = FB9AA8092BAB49E100C882E2 /* PBXContainerItemProxy */;
		};
		FB9AA8142BAB49E100C882E2 /* PBXTargetDependency */ = {
			isa = PBXTargetDependency;
			target = FB9AA7F72BAB49E000C882E2 /* BlockPlan */;
			targetProxy = FB9AA8132BAB49E100C882E2 /* PBXContainerItemProxy */;
		};
/* End PBXTargetDependency section */

/* Begin XCBuildConfiguration section */
		FB9AA81A2BAB49E100C882E2 /* Debug */ = {
			isa = XCBuildConfiguration;
			buildSettings = {
				ALWAYS_SEARCH_USER_PATHS = NO;
				ASSETCATALOG_COMPILER_GENERATE_SWIFT_ASSET_SYMBOL_EXTENSIONS = YES;
				CLANG_ANALYZER_NONNULL = YES;
				CLANG_ANALYZER_NUMBER_OBJECT_CONVERSION = YES_AGGRESSIVE;
				CLANG_CXX_LANGUAGE_STANDARD = "gnu++20";
				CLANG_ENABLE_MODULES = YES;
				CLANG_ENABLE_OBJC_ARC = YES;
				CLANG_ENABLE_OBJC_WEAK = YES;
				CLANG_WARN_BLOCK_CAPTURE_AUTORELEASING = YES;
				CLANG_WARN_BOOL_CONVERSION = YES;
				CLANG_WARN_COMMA = YES;
				CLANG_WARN_CONSTANT_CONVERSION = YES;
				CLANG_WARN_DEPRECATED_OBJC_IMPLEMENTATIONS = YES;
				CLANG_WARN_DIRECT_OBJC_ISA_USAGE = YES_ERROR;
				CLANG_WARN_DOCUMENTATION_COMMENTS = YES;
				CLANG_WARN_EMPTY_BODY = YES;
				CLANG_WARN_ENUM_CONVERSION = YES;
				CLANG_WARN_INFINITE_RECURSION = YES;
				CLANG_WARN_INT_CONVERSION = YES;
				CLANG_WARN_NON_LITERAL_NULL_CONVERSION = YES;
				CLANG_WARN_OBJC_IMPLICIT_RETAIN_SELF = YES;
				CLANG_WARN_OBJC_LITERAL_CONVERSION = YES;
				CLANG_WARN_OBJC_ROOT_CLASS = YES_ERROR;
				CLANG_WARN_QUOTED_INCLUDE_IN_FRAMEWORK_HEADER = YES;
				CLANG_WARN_RANGE_LOOP_ANALYSIS = YES;
				CLANG_WARN_STRICT_PROTOTYPES = YES;
				CLANG_WARN_SUSPICIOUS_MOVE = YES;
				CLANG_WARN_UNGUARDED_AVAILABILITY = YES_AGGRESSIVE;
				CLANG_WARN_UNREACHABLE_CODE = YES;
				CLANG_WARN__DUPLICATE_METHOD_MATCH = YES;
				COPY_PHASE_STRIP = NO;
				DEBUG_INFORMATION_FORMAT = dwarf;
				ENABLE_STRICT_OBJC_MSGSEND = YES;
				ENABLE_TESTABILITY = YES;
				ENABLE_USER_SCRIPT_SANDBOXING = YES;
				GCC_C_LANGUAGE_STANDARD = gnu17;
				GCC_DYNAMIC_NO_PIC = NO;
				GCC_NO_COMMON_BLOCKS = YES;
				GCC_OPTIMIZATION_LEVEL = 0;
				GCC_PREPROCESSOR_DEFINITIONS = (
					"DEBUG=1",
					"$(inherited)",
				);
				GCC_WARN_64_TO_32_BIT_CONVERSION = YES;
				GCC_WARN_ABOUT_RETURN_TYPE = YES_ERROR;
				GCC_WARN_UNDECLARED_SELECTOR = YES;
				GCC_WARN_UNINITIALIZED_AUTOS = YES_AGGRESSIVE;
				GCC_WARN_UNUSED_FUNCTION = YES;
				GCC_WARN_UNUSED_VARIABLE = YES;
				IPHONEOS_DEPLOYMENT_TARGET = 17.2;
				LOCALIZATION_PREFERS_STRING_CATALOGS = YES;
				MTL_ENABLE_DEBUG_INFO = INCLUDE_SOURCE;
				MTL_FAST_MATH = YES;
				ONLY_ACTIVE_ARCH = YES;
				SDKROOT = iphoneos;
				SWIFT_ACTIVE_COMPILATION_CONDITIONS = "DEBUG $(inherited)";
				SWIFT_OPTIMIZATION_LEVEL = "-Onone";
			};
			name = Debug;
		};
		FB9AA81B2BAB49E100C882E2 /* Release */ = {
			isa = XCBuildConfiguration;
			buildSettings = {
				ALWAYS_SEARCH_USER_PATHS = NO;
				ASSETCATALOG_COMPILER_GENERATE_SWIFT_ASSET_SYMBOL_EXTENSIONS = YES;
				CLANG_ANALYZER_NONNULL = YES;
				CLANG_ANALYZER_NUMBER_OBJECT_CONVERSION = YES_AGGRESSIVE;
				CLANG_CXX_LANGUAGE_STANDARD = "gnu++20";
				CLANG_ENABLE_MODULES = YES;
				CLANG_ENABLE_OBJC_ARC = YES;
				CLANG_ENABLE_OBJC_WEAK = YES;
				CLANG_WARN_BLOCK_CAPTURE_AUTORELEASING = YES;
				CLANG_WARN_BOOL_CONVERSION = YES;
				CLANG_WARN_COMMA = YES;
				CLANG_WARN_CONSTANT_CONVERSION = YES;
				CLANG_WARN_DEPRECATED_OBJC_IMPLEMENTATIONS = YES;
				CLANG_WARN_DIRECT_OBJC_ISA_USAGE = YES_ERROR;
				CLANG_WARN_DOCUMENTATION_COMMENTS = YES;
				CLANG_WARN_EMPTY_BODY = YES;
				CLANG_WARN_ENUM_CONVERSION = YES;
				CLANG_WARN_INFINITE_RECURSION = YES;
				CLANG_WARN_INT_CONVERSION = YES;
				CLANG_WARN_NON_LITERAL_NULL_CONVERSION = YES;
				CLANG_WARN_OBJC_IMPLICIT_RETAIN_SELF = YES;
				CLANG_WARN_OBJC_LITERAL_CONVERSION = YES;
				CLANG_WARN_OBJC_ROOT_CLASS = YES_ERROR;
				CLANG_WARN_QUOTED_INCLUDE_IN_FRAMEWORK_HEADER = YES;
				CLANG_WARN_RANGE_LOOP_ANALYSIS = YES;
				CLANG_WARN_STRICT_PROTOTYPES = YES;
				CLANG_WARN_SUSPICIOUS_MOVE = YES;
				CLANG_WARN_UNGUARDED_AVAILABILITY = YES_AGGRESSIVE;
				CLANG_WARN_UNREACHABLE_CODE = YES;
				CLANG_WARN__DUPLICATE_METHOD_MATCH = YES;
				COPY_PHASE_STRIP = NO;
				DEBUG_INFORMATION_FORMAT = "dwarf-with-dsym";
				ENABLE_NS_ASSERTIONS = NO;
				ENABLE_STRICT_OBJC_MSGSEND = YES;
				ENABLE_USER_SCRIPT_SANDBOXING = YES;
				GCC_C_LANGUAGE_STANDARD = gnu17;
				GCC_NO_COMMON_BLOCKS = YES;
				GCC_WARN_64_TO_32_BIT_CONVERSION = YES;
				GCC_WARN_ABOUT_RETURN_TYPE = YES_ERROR;
				GCC_WARN_UNDECLARED_SELECTOR = YES;
				GCC_WARN_UNINITIALIZED_AUTOS = YES_AGGRESSIVE;
				GCC_WARN_UNUSED_FUNCTION = YES;
				GCC_WARN_UNUSED_VARIABLE = YES;
				IPHONEOS_DEPLOYMENT_TARGET = 17.2;
				LOCALIZATION_PREFERS_STRING_CATALOGS = YES;
				MTL_ENABLE_DEBUG_INFO = NO;
				MTL_FAST_MATH = YES;
				SDKROOT = iphoneos;
				SWIFT_COMPILATION_MODE = wholemodule;
				VALIDATE_PRODUCT = YES;
			};
			name = Release;
		};
		FB9AA81D2BAB49E100C882E2 /* Debug */ = {
			isa = XCBuildConfiguration;
			buildSettings = {
				ASSETCATALOG_COMPILER_APPICON_NAME = AppIcon;
				ASSETCATALOG_COMPILER_GLOBAL_ACCENT_COLOR_NAME = AccentColor;
				CODE_SIGN_STYLE = Automatic;
				CURRENT_PROJECT_VERSION = 1;
				DEVELOPMENT_ASSET_PATHS = "\"BlockPlan/Preview Content\"";
				ENABLE_PREVIEWS = YES;
				GENERATE_INFOPLIST_FILE = YES;
				INFOPLIST_KEY_UIApplicationSceneManifest_Generation = YES;
				INFOPLIST_KEY_UIApplicationSupportsIndirectInputEvents = YES;
				INFOPLIST_KEY_UILaunchScreen_Generation = YES;
				INFOPLIST_KEY_UISupportedInterfaceOrientations_iPad = "UIInterfaceOrientationPortrait UIInterfaceOrientationPortraitUpsideDown UIInterfaceOrientationLandscapeLeft UIInterfaceOrientationLandscapeRight";
				INFOPLIST_KEY_UISupportedInterfaceOrientations_iPhone = "UIInterfaceOrientationPortrait UIInterfaceOrientationLandscapeLeft UIInterfaceOrientationLandscapeRight";
				LD_RUNPATH_SEARCH_PATHS = (
					"$(inherited)",
					"@executable_path/Frameworks",
				);
				MARKETING_VERSION = 1.0;
				PRODUCT_BUNDLE_IDENTIFIER = com.itesm.BlockPlan;
				PRODUCT_NAME = "$(TARGET_NAME)";
				SWIFT_EMIT_LOC_STRINGS = YES;
				SWIFT_VERSION = 5.0;
				TARGETED_DEVICE_FAMILY = "1,2";
			};
			name = Debug;
		};
		FB9AA81E2BAB49E100C882E2 /* Release */ = {
			isa = XCBuildConfiguration;
			buildSettings = {
				ASSETCATALOG_COMPILER_APPICON_NAME = AppIcon;
				ASSETCATALOG_COMPILER_GLOBAL_ACCENT_COLOR_NAME = AccentColor;
				CODE_SIGN_STYLE = Automatic;
				CURRENT_PROJECT_VERSION = 1;
				DEVELOPMENT_ASSET_PATHS = "\"BlockPlan/Preview Content\"";
				ENABLE_PREVIEWS = YES;
				GENERATE_INFOPLIST_FILE = YES;
				INFOPLIST_KEY_UIApplicationSceneManifest_Generation = YES;
				INFOPLIST_KEY_UIApplicationSupportsIndirectInputEvents = YES;
				INFOPLIST_KEY_UILaunchScreen_Generation = YES;
				INFOPLIST_KEY_UISupportedInterfaceOrientations_iPad = "UIInterfaceOrientationPortrait UIInterfaceOrientationPortraitUpsideDown UIInterfaceOrientationLandscapeLeft UIInterfaceOrientationLandscapeRight";
				INFOPLIST_KEY_UISupportedInterfaceOrientations_iPhone = "UIInterfaceOrientationPortrait UIInterfaceOrientationLandscapeLeft UIInterfaceOrientationLandscapeRight";
				LD_RUNPATH_SEARCH_PATHS = (
					"$(inherited)",
					"@executable_path/Frameworks",
				);
				MARKETING_VERSION = 1.0;
				PRODUCT_BUNDLE_IDENTIFIER = com.itesm.BlockPlan;
				PRODUCT_NAME = "$(TARGET_NAME)";
				SWIFT_EMIT_LOC_STRINGS = YES;
				SWIFT_VERSION = 5.0;
				TARGETED_DEVICE_FAMILY = "1,2";
			};
			name = Release;
		};
		FB9AA8202BAB49E100C882E2 /* Debug */ = {
			isa = XCBuildConfiguration;
			buildSettings = {
				ALWAYS_EMBED_SWIFT_STANDARD_LIBRARIES = YES;
				BUNDLE_LOADER = "$(TEST_HOST)";
				CODE_SIGN_STYLE = Automatic;
				CURRENT_PROJECT_VERSION = 1;
				GENERATE_INFOPLIST_FILE = YES;
				IPHONEOS_DEPLOYMENT_TARGET = 17.2;
				MARKETING_VERSION = 1.0;
				PRODUCT_BUNDLE_IDENTIFIER = com.itesm.BlockPlanTests;
				PRODUCT_NAME = "$(TARGET_NAME)";
				SWIFT_EMIT_LOC_STRINGS = NO;
				SWIFT_VERSION = 5.0;
				TARGETED_DEVICE_FAMILY = "1,2";
				TEST_HOST = "$(BUILT_PRODUCTS_DIR)/BlockPlan.app/$(BUNDLE_EXECUTABLE_FOLDER_PATH)/BlockPlan";
			};
			name = Debug;
		};
		FB9AA8212BAB49E100C882E2 /* Release */ = {
			isa = XCBuildConfiguration;
			buildSettings = {
				ALWAYS_EMBED_SWIFT_STANDARD_LIBRARIES = YES;
				BUNDLE_LOADER = "$(TEST_HOST)";
				CODE_SIGN_STYLE = Automatic;
				CURRENT_PROJECT_VERSION = 1;
				GENERATE_INFOPLIST_FILE = YES;
				IPHONEOS_DEPLOYMENT_TARGET = 17.2;
				MARKETING_VERSION = 1.0;
				PRODUCT_BUNDLE_IDENTIFIER = com.itesm.BlockPlanTests;
				PRODUCT_NAME = "$(TARGET_NAME)";
				SWIFT_EMIT_LOC_STRINGS = NO;
				SWIFT_VERSION = 5.0;
				TARGETED_DEVICE_FAMILY = "1,2";
				TEST_HOST = "$(BUILT_PRODUCTS_DIR)/BlockPlan.app/$(BUNDLE_EXECUTABLE_FOLDER_PATH)/BlockPlan";
			};
			name = Release;
		};
		FB9AA8232BAB49E100C882E2 /* Debug */ = {
			isa = XCBuildConfiguration;
			buildSettings = {
				ALWAYS_EMBED_SWIFT_STANDARD_LIBRARIES = YES;
				CODE_SIGN_STYLE = Automatic;
				CURRENT_PROJECT_VERSION = 1;
				GENERATE_INFOPLIST_FILE = YES;
				MARKETING_VERSION = 1.0;
				PRODUCT_BUNDLE_IDENTIFIER = com.itesm.BlockPlanUITests;
				PRODUCT_NAME = "$(TARGET_NAME)";
				SWIFT_EMIT_LOC_STRINGS = NO;
				SWIFT_VERSION = 5.0;
				TARGETED_DEVICE_FAMILY = "1,2";
				TEST_TARGET_NAME = BlockPlan;
			};
			name = Debug;
		};
		FB9AA8242BAB49E100C882E2 /* Release */ = {
			isa = XCBuildConfiguration;
			buildSettings = {
				ALWAYS_EMBED_SWIFT_STANDARD_LIBRARIES = YES;
				CODE_SIGN_STYLE = Automatic;
				CURRENT_PROJECT_VERSION = 1;
				GENERATE_INFOPLIST_FILE = YES;
				MARKETING_VERSION = 1.0;
				PRODUCT_BUNDLE_IDENTIFIER = com.itesm.BlockPlanUITests;
				PRODUCT_NAME = "$(TARGET_NAME)";
				SWIFT_EMIT_LOC_STRINGS = NO;
				SWIFT_VERSION = 5.0;
				TARGETED_DEVICE_FAMILY = "1,2";
				TEST_TARGET_NAME = BlockPlan;
			};
			name = Release;
		};
/* End XCBuildConfiguration section */

/* Begin XCConfigurationList section */
		FB9AA7F32BAB49E000C882E2 /* Build configuration list for PBXProject "BlockPlan" */ = {
			isa = XCConfigurationList;
			buildConfigurations = (
				FB9AA81A2BAB49E100C882E2 /* Debug */,
				FB9AA81B2BAB49E100C882E2 /* Release */,
			);
			defaultConfigurationIsVisible = 0;
			defaultConfigurationName = Release;
		};
		FB9AA81C2BAB49E100C882E2 /* Build configuration list for PBXNativeTarget "BlockPlan" */ = {
			isa = XCConfigurationList;
			buildConfigurations = (
				FB9AA81D2BAB49E100C882E2 /* Debug */,
				FB9AA81E2BAB49E100C882E2 /* Release */,
			);
			defaultConfigurationIsVisible = 0;
			defaultConfigurationName = Release;
		};
		FB9AA81F2BAB49E100C882E2 /* Build configuration list for PBXNativeTarget "BlockPlanTests" */ = {
			isa = XCConfigurationList;
			buildConfigurations = (
				FB9AA8202BAB49E100C882E2 /* Debug */,
				FB9AA8212BAB49E100C882E2 /* Release */,
			);
			defaultConfigurationIsVisible = 0;
			defaultConfigurationName = Release;
		};
		FB9AA8222BAB49E100C882E2 /* Build configuration list for PBXNativeTarget "BlockPlanUITests" */ = {
			isa = XCConfigurationList;
			buildConfigurations = (
				FB9AA8232BAB49E100C882E2 /* Debug */,
				FB9AA8242BAB49E100C882E2 /* Release */,
			);
			defaultConfigurationIsVisible = 0;
			defaultConfigurationName = Release;
		};
/* End XCConfigurationList section */
	};
	rootObject = FB9AA7F02BAB49E000C882E2 /* Project object */;
}
